
Microsoft Visual Studio Solution File, Format Version 12.00
# Visual Studio Version 16
VisualStudioVersion = 16.0.29613.14
MinimumVisualStudioVersion = 10.0.40219.1
Project("{8BC9CEB8-8B4A-11D0-8D11-00A0C91BC942}") = "Lab1", "Lab1.vcxproj", "{33BEDC0B-F260-4383-893B-F2487AC73EF3}"
EndProject
Global
	GlobalSection(SolutionConfigurationPlatforms) = preSolution
		Debug|x64 = Debug|x64
		Debug|x86 = Debug|x86
		Release|x64 = Release|x64
		Release|x86 = Release|x86
	EndGlobalSection
	GlobalSection(ProjectConfigurationPlatforms) = postSolution
		{33BEDC0B-F260-4383-893B-F2487AC73EF3}.Debug|x64.ActiveCfg = Debug|x64
		{33BEDC0B-F260-4383-893B-F2487AC73EF3}.Debug|x64.Build.0 = Debug|x64
		{33BEDC0B-F260-4383-893B-F2487AC73EF3}.Debug|x86.ActiveCfg = Debug|Win32
		{33BEDC0B-F260-4383-893B-F2487AC73EF3}.Debug|x86.Build.0 = Debug|Win32
		{33BEDC0B-F260-4383-893B-F2487AC73EF3}.Release|x64.ActiveCfg = Release|x64
		{33BEDC0B-F260-4383-893B-F2487AC73EF3}.Release|x64.Build.0 = Release|x64
		{33BEDC0B-F260-4383-893B-F2487AC73EF3}.Release|x86.ActiveCfg = Release|Win32
		{33BEDC0B-F260-4383-893B-F2487AC73EF3}.Release|x86.Build.0 = Release|Win32
	EndGlobalSection
	GlobalSection(SolutionProperties) = preSolution
		HideSolutionNode = FALSE
	EndGlobalSection
	GlobalSection(ExtensibilityGlobals) = postSolution
		SolutionGuid = {CA8C5D31-2E0A-415C-BC7F-BCC2E4A8F72C}
	EndGlobalSection
EndGlobal
